# THIS IS AN AUTOGENERATED FILE. DO NOT EDIT THIS FILE DIRECTLY.
# yarn lockfile v1


md5-es@^1.8.2:
  version "1.8.2"
  resolved "https://registry.yarnpkg.com/md5-es/-/md5-es-1.8.2.tgz#4c3d07b3f8e70669afd00ba3ac8b4b619741b506"
  integrity sha512-LKq5jmKMhJYhsBFUh2w+J3C4bMiC5uQie/UYJ429UATmMnFr6iANO2uQq5HXAZSIupGp0WO2mH3sNfxR4XO40Q==
